Console.WriteLine("Tervetuloa ohjelmaan. Siirry valikossa valitsella numero.");

int nro = 0;
string nimi = "";
int ika = 0;
label:



int TulostaValikko()
{
    Console.WriteLine("1.       Syötä nimesi.");
    Console.WriteLine("2.       Syötä ikäsi.");
    Console.WriteLine("3.       Näytä nimesi.");
    Console.WriteLine("4.       Näytä ikäsi.");
    Console.WriteLine("5.       Poistu ohjelmasta.");
    Console.WriteLine(" ");
    Console.Write("> ");
    nro = int.Parse(Console.ReadLine());
    nro--;
    return nro;
    
}
int valinta = TulostaValikko();
    switch (valinta)
    {
        case (int)valikko.Syota_nimesi:
            Console.Write("Syötä nimesi: ");
            nimi = Console.ReadLine();
            goto label;

        case (int)valikko.Syota_ikasi:
            Console.Write("Syötä ikäsi: ");
            ika = int.Parse(Console.ReadLine());
            goto label;

        case (int)valikko.Nayta_nimesi:
            Console.WriteLine("Nimesi on " + nimi );
            goto label;

        case (int)valikko.Nayta_ikasi:
            Console.WriteLine("Ikäsi on " + ika);
            goto label;

        case (int)valikko.Poistu_ohjelmasta:
            Console.WriteLine("Poistutaan...");
            break;

        default:
            Console.WriteLine("Antmasi luku ei ole valikosa....");
            goto label;
    }

    enum valikko
    {
    Syota_nimesi,
    Syota_ikasi,
    Nayta_nimesi,
    Nayta_ikasi,
    Poistu_ohjelmasta
    }
