
Microsoft Visual Studio Solution File, Format Version 12.00
# Visual Studio Version 17
VisualStudioVersion = 17.0.32126.317
MinimumVisualStudioVersion = 10.0.40219.1
Project("{FAE04EC0-301F-11D3-BF4B-00C04F79EFBC}") = "Tehtävä 13 Aliohjelma 2", "Tehtävä 13 Aliohjelma 2\Tehtävä 13 Aliohjelma 2.csproj", "{AC91B2D1-DB9E-4998-ABC8-442B6848BB46}"
EndProject
Global
	GlobalSection(SolutionConfigurationPlatforms) = preSolution
		Debug|Any CPU = Debug|Any CPU
		Release|Any CPU = Release|Any CPU
	EndGlobalSection
	GlobalSection(ProjectConfigurationPlatforms) = postSolution
		{AC91B2D1-DB9E-4998-ABC8-442B6848BB46}.Debug|Any CPU.ActiveCfg = Debug|Any CPU
		{AC91B2D1-DB9E-4998-ABC8-442B6848BB46}.Debug|Any CPU.Build.0 = Debug|Any CPU
		{AC91B2D1-DB9E-4998-ABC8-442B6848BB46}.Release|Any CPU.ActiveCfg = Release|Any CPU
		{AC91B2D1-DB9E-4998-ABC8-442B6848BB46}.Release|Any CPU.Build.0 = Release|Any CPU
	EndGlobalSection
	GlobalSection(SolutionProperties) = preSolution
		HideSolutionNode = FALSE
	EndGlobalSection
	GlobalSection(ExtensibilityGlobals) = postSolution
		SolutionGuid = {727A677F-43DA-4699-ABD7-8DAC83C3FAD6}
	EndGlobalSection
EndGlobal
